{
  "name": "all_solved",
  "version": "0.1.0",
  "lockfileVersion": 2,
  "requires": true,
  "packages": {
    "": {
      "name": "all_solved",
      "version": "0.1.0",
      "license": "ISC",
      "dependencies": {
        "@reduxjs/toolkit": "1.9.1",
        "@testing-library/jest-dom": "^5.16.5",
        "@testing-library/react": "^13.4.0",
        "@testing-library/user-event": "^13.5.0",
        "npm": "^9.4.0",
        "react": "^18.2.0",
        "react-dom": "^18.2.0",
        "react-redux": "8.0.5",
        "react-router-dom": "^6.6.2",
        "react-scripts": "5.0.1",
        "styled-components": "5.3.6",
        "web-vitals": "^2.1.4"
      },
      "devDependencies": {}
    }
  }
}
